
Microsoft Visual Studio Solution File, Format Version 12.00
# Visual Studio Version 17
VisualStudioVersion = 17.0.31903.59
MinimumVisualStudioVersion = 10.0.40219.1
Project("{FAE04EC0-301F-11D3-BF4B-00C04F79EFBC}") = "password_manager", "password_manager\password_manager.csproj", "{F377E0FC-4F93-4862-A52A-AAD8AC2BF21F}"
EndProject
Project("{FAE04EC0-301F-11D3-BF4B-00C04F79EFBC}") = "password_manager.tests", "password_manager.tests\password_manager.tests.csproj", "{CCC8CC78-7096-4E90-B095-5F2E29B3938C}"
EndProject
Global
	GlobalSection(SolutionConfigurationPlatforms) = preSolution
		Debug|Any CPU = Debug|Any CPU
		Release|Any CPU = Release|Any CPU
	EndGlobalSection
	GlobalSection(SolutionProperties) = preSolution
		HideSolutionNode = FALSE
	EndGlobalSection
	GlobalSection(ProjectConfigurationPlatforms) = postSolution
		{F377E0FC-4F93-4862-A52A-AAD8AC2BF21F}.Debug|Any CPU.ActiveCfg = Debug|Any CPU
		{F377E0FC-4F93-4862-A52A-AAD8AC2BF21F}.Debug|Any CPU.Build.0 = Debug|Any CPU
		{F377E0FC-4F93-4862-A52A-AAD8AC2BF21F}.Release|Any CPU.ActiveCfg = Release|Any CPU
		{F377E0FC-4F93-4862-A52A-AAD8AC2BF21F}.Release|Any CPU.Build.0 = Release|Any CPU
		{CCC8CC78-7096-4E90-B095-5F2E29B3938C}.Debug|Any CPU.ActiveCfg = Debug|Any CPU
		{CCC8CC78-7096-4E90-B095-5F2E29B3938C}.Debug|Any CPU.Build.0 = Debug|Any CPU
		{CCC8CC78-7096-4E90-B095-5F2E29B3938C}.Release|Any CPU.ActiveCfg = Release|Any CPU
		{CCC8CC78-7096-4E90-B095-5F2E29B3938C}.Release|Any CPU.Build.0 = Release|Any CPU
	EndGlobalSection
EndGlobal
